hash: 5853d4831e2c4e656b2c0fb5f941d0c0baba410c139460ac46d6133dc3a9591d
updated: 2017-08-31T12:24:57.55151912+10:00
imports:
- name: github.com/aws/aws-sdk-go
  version: ef87157887228a0b98102ace872cd999518453fb
  subpackages:
  - aws
  - aws/awserr
  - aws/awsutil
  - aws/client
  - aws/client/metadata
  - aws/credentials
  - aws/ec2metadata
  - aws/endpoints
  - aws/request
  - internal/shareddefaults
- name: github.com/aws/aws-xray-sdk-go
  version: f67036ae09e067b37525d84f97c2432aa32622c8
  subpackages:
  - header
  - internal/plugins
  - pattern
  - resources
  - strategy/ctxmissing
  - strategy/exception
  - strategy/sampling
  - xray
- name: github.com/cihub/seelog
  version: d2c6e5aa9fbfdd1c624e140287063c7730654115
- name: github.com/emicklei/go-restful
  version: 68c9750c36bb8cb433f1b88c807b4b30df4acc40
  subpackages:
  - log
- name: github.com/go-ini/ini
  version: c787282c39ac1fc618827141a1f762240def08a3
- name: github.com/jmespath/go-jmespath
  version: bd40a432e4c76585ef6b72d3fd96fb9b6dc7b68d
- name: github.com/pkg/errors
  version: c605e284fe17294bda444b34710735b29d1a9d90
testImports: []
